
Microsoft Visual Studio Solution File, Format Version 12.00
# Visual Studio 14
VisualStudioVersion = 14.0.23107.0
MinimumVisualStudioVersion = 10.0.40219.1
Project("{F184B08F-C81C-45F6-A57F-5ABD9991F28F}") = "Electric shop managemnet system", "Electric shop managemnet system\Electric shop managemnet system.vbproj", "{F104A8E2-B0E8-4DF4-8C90-621CE5CF9BE0}"
EndProject
Project("{2150E333-8FDC-42A3-9474-1A3956D46DE8}") = "Controller", "Controller", "{EFF739AA-B1DF-4B00-89D5-0494E25B9E7B}"
	ProjectSection(SolutionItems) = preProject
		LoginController.vb = LoginController.vb
	EndProjectSection
EndProject
Project("{2150E333-8FDC-42A3-9474-1A3956D46DE8}") = "DBUtils", "DBUtils", "{A7EBBA0E-6999-4E5C-9E72-752BFAA3BC40}"
EndProject
Project("{2150E333-8FDC-42A3-9474-1A3956D46DE8}") = "dao", "dao", "{0DFCEEDA-1BAC-47E1-812C-1BF71252E88A}"
	ProjectSection(SolutionItems) = preProject
		Logindao.vb = Logindao.vb
	EndProjectSection
EndProject
Global
	GlobalSection(SolutionConfigurationPlatforms) = preSolution
		Debug|Any CPU = Debug|Any CPU
		Release|Any CPU = Release|Any CPU
	EndGlobalSection
	GlobalSection(ProjectConfigurationPlatforms) = postSolution
		{F104A8E2-B0E8-4DF4-8C90-621CE5CF9BE0}.Debug|Any CPU.ActiveCfg = Debug|Any CPU
		{F104A8E2-B0E8-4DF4-8C90-621CE5CF9BE0}.Debug|Any CPU.Build.0 = Debug|Any CPU
		{F104A8E2-B0E8-4DF4-8C90-621CE5CF9BE0}.Release|Any CPU.ActiveCfg = Release|Any CPU
		{F104A8E2-B0E8-4DF4-8C90-621CE5CF9BE0}.Release|Any CPU.Build.0 = Release|Any CPU
	EndGlobalSection
	GlobalSection(SolutionProperties) = preSolution
		HideSolutionNode = FALSE
	EndGlobalSection
EndGlobal
